
Microsoft Visual Studio Solution File, Format Version 12.00
# Visual Studio Version 16
VisualStudioVersion = 16.0.31613.86
MinimumVisualStudioVersion = 10.0.40219.1
Project("{FAE04EC0-301F-11D3-BF4B-00C04F79EFBC}") = "DataAccess", "DataAccess\DataAccess.csproj", "{07916BB7-8420-42F4-9C8E-4C3A9ED18E5E}"
EndProject
Project("{FAE04EC0-301F-11D3-BF4B-00C04F79EFBC}") = "BusinessObject", "BusinessObject\BusinessObject.csproj", "{D91F46FB-F07D-47D0-AC26-8E8AFABD6B78}"
EndProject
Project("{FAE04EC0-301F-11D3-BF4B-00C04F79EFBC}") = "eStore", "eStore\eStore.csproj", "{7F646C2A-FEF7-482D-A73C-42065CB7782A}"
EndProject
Global
	GlobalSection(SolutionConfigurationPlatforms) = preSolution
		Debug|Any CPU = Debug|Any CPU
		Release|Any CPU = Release|Any CPU
	EndGlobalSection
	GlobalSection(ProjectConfigurationPlatforms) = postSolution
		{07916BB7-8420-42F4-9C8E-4C3A9ED18E5E}.Debug|Any CPU.ActiveCfg = Debug|Any CPU
		{07916BB7-8420-42F4-9C8E-4C3A9ED18E5E}.Debug|Any CPU.Build.0 = Debug|Any CPU
		{07916BB7-8420-42F4-9C8E-4C3A9ED18E5E}.Release|Any CPU.ActiveCfg = Release|Any CPU
		{07916BB7-8420-42F4-9C8E-4C3A9ED18E5E}.Release|Any CPU.Build.0 = Release|Any CPU
		{D91F46FB-F07D-47D0-AC26-8E8AFABD6B78}.Debug|Any CPU.ActiveCfg = Debug|Any CPU
		{D91F46FB-F07D-47D0-AC26-8E8AFABD6B78}.Debug|Any CPU.Build.0 = Debug|Any CPU
		{D91F46FB-F07D-47D0-AC26-8E8AFABD6B78}.Release|Any CPU.ActiveCfg = Release|Any CPU
		{D91F46FB-F07D-47D0-AC26-8E8AFABD6B78}.Release|Any CPU.Build.0 = Release|Any CPU
		{7F646C2A-FEF7-482D-A73C-42065CB7782A}.Debug|Any CPU.ActiveCfg = Debug|Any CPU
		{7F646C2A-FEF7-482D-A73C-42065CB7782A}.Debug|Any CPU.Build.0 = Debug|Any CPU
		{7F646C2A-FEF7-482D-A73C-42065CB7782A}.Release|Any CPU.ActiveCfg = Release|Any CPU
		{7F646C2A-FEF7-482D-A73C-42065CB7782A}.Release|Any CPU.Build.0 = Release|Any CPU
	EndGlobalSection
	GlobalSection(SolutionProperties) = preSolution
		HideSolutionNode = FALSE
	EndGlobalSection
	GlobalSection(ExtensibilityGlobals) = postSolution
		SolutionGuid = {45EB822A-81F6-47F2-AC0E-F941DBD962E5}
	EndGlobalSection
EndGlobal
